// !$*UTF8*$!
{
	archiveVersion = 1;
	classes = {
	};
	objectVersion = 55;
	objects = {

/* Begin PBXBuildFile section */
		F63E661328C7313B000CC541 /* AppDelegate.swift in Sources */ = {isa = PBXBuildFile; fileRef = F63E661228C7313B000CC541 /* AppDelegate.swift */; };
		F63E661D28C7313B000CC541 /* cs_zadatak2.xcdatamodeld in Sources */ = {isa = PBXBuildFile; fileRef = F63E661B28C7313B000CC541 /* cs_zadatak2.xcdatamodeld */; };
		F63E661F28C7313B000CC541 /* Assets.xcassets in Resources */ = {isa = PBXBuildFile; fileRef = F63E661E28C7313B000CC541 /* Assets.xcassets */; };
		F63E662228C7313B000CC541 /* LaunchScreen.storyboard in Resources */ = {isa = PBXBuildFile; fileRef = F63E662028C7313B000CC541 /* LaunchScreen.storyboard */; };
		F63E665C28C882FA000CC541 /* UIViewController.swift in Sources */ = {isa = PBXBuildFile; fileRef = F63E665B28C882FA000CC541 /* UIViewController.swift */; };
		F63E665F28C88359000CC541 /* HomeViewController.swift in Sources */ = {isa = PBXBuildFile; fileRef = F63E665D28C88359000CC541 /* HomeViewController.swift */; };
		F63E666028C88359000CC541 /* HomeViewController.xib in Resources */ = {isa = PBXBuildFile; fileRef = F63E665E28C88359000CC541 /* HomeViewController.xib */; };
		F63E666328C88426000CC541 /* Coordinator.swift in Sources */ = {isa = PBXBuildFile; fileRef = F63E666228C88426000CC541 /* Coordinator.swift */; };
		F63E666528C8842D000CC541 /* Router.swift in Sources */ = {isa = PBXBuildFile; fileRef = F63E666428C8842D000CC541 /* Router.swift */; };
		F63E666728C8848B000CC541 /* AppDelegateRouter.swift in Sources */ = {isa = PBXBuildFile; fileRef = F63E666628C8848B000CC541 /* AppDelegateRouter.swift */; };
		F63E666928C8849C000CC541 /* NavigationRouter.swift in Sources */ = {isa = PBXBuildFile; fileRef = F63E666828C8849C000CC541 /* NavigationRouter.swift */; };
		F63E666B28C884C4000CC541 /* ModalNavigationRouter.swift in Sources */ = {isa = PBXBuildFile; fileRef = F63E666A28C884C4000CC541 /* ModalNavigationRouter.swift */; };
		F63E666D28C884EA000CC541 /* HomeCoordinator.swift in Sources */ = {isa = PBXBuildFile; fileRef = F63E666C28C884EA000CC541 /* HomeCoordinator.swift */; };
		F63E66CD28C8C25D000CC541 /* ContactViewController.swift in Sources */ = {isa = PBXBuildFile; fileRef = F63E66CB28C8C25D000CC541 /* ContactViewController.swift */; };
		F63E66CE28C8C25D000CC541 /* ContactViewController.xib in Resources */ = {isa = PBXBuildFile; fileRef = F63E66CC28C8C25D000CC541 /* ContactViewController.xib */; };
		F63E66D228C8C27F000CC541 /* SearchViewController.swift in Sources */ = {isa = PBXBuildFile; fileRef = F63E66D028C8C27F000CC541 /* SearchViewController.swift */; };
		F63E66D328C8C27F000CC541 /* SearchViewController.xib in Resources */ = {isa = PBXBuildFile; fileRef = F63E66D128C8C27F000CC541 /* SearchViewController.xib */; };
		F63E66D628C8C295000CC541 /* SettingsViewController.swift in Sources */ = {isa = PBXBuildFile; fileRef = F63E66D428C8C295000CC541 /* SettingsViewController.swift */; };
		F63E66D728C8C295000CC541 /* SettingsViewController.xib in Resources */ = {isa = PBXBuildFile; fileRef = F63E66D528C8C295000CC541 /* SettingsViewController.xib */; };
		F63E66DB28C8C2D2000CC541 /* TabBarController.swift in Sources */ = {isa = PBXBuildFile; fileRef = F63E66DA28C8C2D2000CC541 /* TabBarController.swift */; };
		F63E66DF28C8C353000CC541 /* TabBarCoordinator.swift in Sources */ = {isa = PBXBuildFile; fileRef = F63E66DE28C8C353000CC541 /* TabBarCoordinator.swift */; };
/* End PBXBuildFile section */

/* Begin PBXFileReference section */
		F63E660F28C7313B000CC541 /* cs-zadatak2.app */ = {isa = PBXFileReference; explicitFileType = wrapper.application; includeInIndex = 0; path = "cs-zadatak2.app"; sourceTree = BUILT_PRODUCTS_DIR; };
		F63E661228C7313B000CC541 /* AppDelegate.swift */ = {isa = PBXFileReference; lastKnownFileType = sourcecode.swift; path = AppDelegate.swift; sourceTree = "<group>"; };
		F63E661C28C7313B000CC541 /* cs_zadatak2.xcdatamodel */ = {isa = PBXFileReference; lastKnownFileType = wrapper.xcdatamodel; path = cs_zadatak2.xcdatamodel; sourceTree = "<group>"; };
		F63E661E28C7313B000CC541 /* Assets.xcassets */ = {isa = PBXFileReference; lastKnownFileType = folder.assetcatalog; path = Assets.xcassets; sourceTree = "<group>"; };
		F63E662128C7313B000CC541 /* Base */ = {isa = PBXFileReference; lastKnownFileType = file.storyboard; name = Base; path = Base.lproj/LaunchScreen.storyboard; sourceTree = "<group>"; };
		F63E662328C7313B000CC541 /* Info.plist */ = {isa = PBXFileReference; lastKnownFileType = text.plist.xml; path = Info.plist; sourceTree = "<group>"; };
		F63E665B28C882FA000CC541 /* UIViewController.swift */ = {isa = PBXFileReference; lastKnownFileType = sourcecode.swift; path = UIViewController.swift; sourceTree = "<group>"; };
		F63E665D28C88359000CC541 /* HomeViewController.swift */ = {isa = PBXFileReference; lastKnownFileType = sourcecode.swift; path = HomeViewController.swift; sourceTree = "<group>"; };
		F63E665E28C88359000CC541 /* HomeViewController.xib */ = {isa = PBXFileReference; lastKnownFileType = file.xib; path = HomeViewController.xib; sourceTree = "<group>"; };
		F63E666228C88426000CC541 /* Coordinator.swift */ = {isa = PBXFileReference; lastKnownFileType = sourcecode.swift; path = Coordinator.swift; sourceTree = "<group>"; };
		F63E666428C8842D000CC541 /* Router.swift */ = {isa = PBXFileReference; lastKnownFileType = sourcecode.swift; path = Router.swift; sourceTree = "<group>"; };
		F63E666628C8848B000CC541 /* AppDelegateRouter.swift */ = {isa = PBXFileReference; lastKnownFileType = sourcecode.swift; path = AppDelegateRouter.swift; sourceTree = "<group>"; };
		F63E666828C8849C000CC541 /* NavigationRouter.swift */ = {isa = PBXFileReference; lastKnownFileType = sourcecode.swift; path = NavigationRouter.swift; sourceTree = "<group>"; };
		F63E666A28C884C4000CC541 /* ModalNavigationRouter.swift */ = {isa = PBXFileReference; lastKnownFileType = sourcecode.swift; path = ModalNavigationRouter.swift; sourceTree = "<group>"; };
		F63E666C28C884EA000CC541 /* HomeCoordinator.swift */ = {isa = PBXFileReference; lastKnownFileType = sourcecode.swift; path = HomeCoordinator.swift; sourceTree = "<group>"; };
		F63E66CB28C8C25D000CC541 /* ContactViewController.swift */ = {isa = PBXFileReference; lastKnownFileType = sourcecode.swift; path = ContactViewController.swift; sourceTree = "<group>"; };
		F63E66CC28C8C25D000CC541 /* ContactViewController.xib */ = {isa = PBXFileReference; lastKnownFileType = file.xib; path = ContactViewController.xib; sourceTree = "<group>"; };
		F63E66D028C8C27F000CC541 /* SearchViewController.swift */ = {isa = PBXFileReference; lastKnownFileType = sourcecode.swift; path = SearchViewController.swift; sourceTree = "<group>"; };
		F63E66D128C8C27F000CC541 /* SearchViewController.xib */ = {isa = PBXFileReference; lastKnownFileType = file.xib; path = SearchViewController.xib; sourceTree = "<group>"; };
		F63E66D428C8C295000CC541 /* SettingsViewController.swift */ = {isa = PBXFileReference; lastKnownFileType = sourcecode.swift; path = SettingsViewController.swift; sourceTree = "<group>"; };
		F63E66D528C8C295000CC541 /* SettingsViewController.xib */ = {isa = PBXFileReference; lastKnownFileType = file.xib; path = SettingsViewController.xib; sourceTree = "<group>"; };
		F63E66DA28C8C2D2000CC541 /* TabBarController.swift */ = {isa = PBXFileReference; lastKnownFileType = sourcecode.swift; path = TabBarController.swift; sourceTree = "<group>"; };
		F63E66DE28C8C353000CC541 /* TabBarCoordinator.swift */ = {isa = PBXFileReference; lastKnownFileType = sourcecode.swift; path = TabBarCoordinator.swift; sourceTree = "<group>"; };
/* End PBXFileReference section */

/* Begin PBXFrameworksBuildPhase section */
		F63E660C28C7313B000CC541 /* Frameworks */ = {
			isa = PBXFrameworksBuildPhase;
			buildActionMask = 2147483647;
			files = (
			);
			runOnlyForDeploymentPostprocessing = 0;
		};
/* End PBXFrameworksBuildPhase section */

/* Begin PBXGroup section */
		F63E660628C7313B000CC541 = {
			isa = PBXGroup;
			children = (
				F63E661128C7313B000CC541 /* cs-zadatak2 */,
				F63E661028C7313B000CC541 /* Products */,
			);
			sourceTree = "<group>";
		};
		F63E661028C7313B000CC541 /* Products */ = {
			isa = PBXGroup;
			children = (
				F63E660F28C7313B000CC541 /* cs-zadatak2.app */,
			);
			name = Products;
			sourceTree = "<group>";
		};
		F63E661128C7313B000CC541 /* cs-zadatak2 */ = {
			isa = PBXGroup;
			children = (
				F63E66DD28C8C325000CC541 /* Models */,
				F63E665428C8828F000CC541 /* Views */,
				F63E665528C8829F000CC541 /* Controllers */,
				F63E665628C882B1000CC541 /* Navigation */,
				F63E665928C882D8000CC541 /* Protocols */,
				F63E665328C8827F000CC541 /* Data */,
				F63E665A28C882E4000CC541 /* Extensions */,
				F63E665128C88268000CC541 /* AppDelegate */,
				F63E665228C88272000CC541 /* Assets */,
				F63E662328C7313B000CC541 /* Info.plist */,
			);
			path = "cs-zadatak2";
			sourceTree = "<group>";
		};
		F63E665128C88268000CC541 /* AppDelegate */ = {
			isa = PBXGroup;
			children = (
				F63E661228C7313B000CC541 /* AppDelegate.swift */,
			);
			path = AppDelegate;
			sourceTree = "<group>";
		};
		F63E665228C88272000CC541 /* Assets */ = {
			isa = PBXGroup;
			children = (
				F63E661E28C7313B000CC541 /* Assets.xcassets */,
			);
			path = Assets;
			sourceTree = "<group>";
		};
		F63E665328C8827F000CC541 /* Data */ = {
			isa = PBXGroup;
			children = (
				F63E661B28C7313B000CC541 /* cs_zadatak2.xcdatamodeld */,
			);
			path = Data;
			sourceTree = "<group>";
		};
		F63E665428C8828F000CC541 /* Views */ = {
			isa = PBXGroup;
			children = (
				F63E662028C7313B000CC541 /* LaunchScreen.storyboard */,
			);
			path = Views;
			sourceTree = "<group>";
		};
		F63E665528C8829F000CC541 /* Controllers */ = {
			isa = PBXGroup;
			children = (
				F63E66D928C8C2B0000CC541 /* TabBarController */,
				F63E666128C8835F000CC541 /* HomeViewController */,
				F63E66D828C8C299000CC541 /* SettingsViewController */,
				F63E66CA28C8C23C000CC541 /* ContactViewController */,
				F63E66CF28C8C265000CC541 /* SearchViewController */,
			);
			path = Controllers;
			sourceTree = "<group>";
		};
		F63E665628C882B1000CC541 /* Navigation */ = {
			isa = PBXGroup;
			children = (
				F63E665828C882C2000CC541 /* Routers */,
				F63E665728C882B8000CC541 /* Coordinators */,
			);
			path = Navigation;
			sourceTree = "<group>";
		};
		F63E665728C882B8000CC541 /* Coordinators */ = {
			isa = PBXGroup;
			children = (
				F63E666C28C884EA000CC541 /* HomeCoordinator.swift */,
				F63E66DE28C8C353000CC541 /* TabBarCoordinator.swift */,
			);
			path = Coordinators;
			sourceTree = "<group>";
		};
		F63E665828C882C2000CC541 /* Routers */ = {
			isa = PBXGroup;
			children = (
				F63E666628C8848B000CC541 /* AppDelegateRouter.swift */,
				F63E666828C8849C000CC541 /* NavigationRouter.swift */,
				F63E666A28C884C4000CC541 /* ModalNavigationRouter.swift */,
			);
			path = Routers;
			sourceTree = "<group>";
		};
		F63E665928C882D8000CC541 /* Protocols */ = {
			isa = PBXGroup;
			children = (
				F63E666228C88426000CC541 /* Coordinator.swift */,
				F63E666428C8842D000CC541 /* Router.swift */,
			);
			path = Protocols;
			sourceTree = "<group>";
		};
		F63E665A28C882E4000CC541 /* Extensions */ = {
			isa = PBXGroup;
			children = (
				F63E665B28C882FA000CC541 /* UIViewController.swift */,
			);
			path = Extensions;
			sourceTree = "<group>";
		};
		F63E666128C8835F000CC541 /* HomeViewController */ = {
			isa = PBXGroup;
			children = (
				F63E665D28C88359000CC541 /* HomeViewController.swift */,
				F63E665E28C88359000CC541 /* HomeViewController.xib */,
			);
			path = HomeViewController;
			sourceTree = "<group>";
		};
		F63E66CA28C8C23C000CC541 /* ContactViewController */ = {
			isa = PBXGroup;
			children = (
				F63E66CB28C8C25D000CC541 /* ContactViewController.swift */,
				F63E66CC28C8C25D000CC541 /* ContactViewController.xib */,
			);
			path = ContactViewController;
			sourceTree = "<group>";
		};
		F63E66CF28C8C265000CC541 /* SearchViewController */ = {
			isa = PBXGroup;
			children = (
				F63E66D028C8C27F000CC541 /* SearchViewController.swift */,
				F63E66D128C8C27F000CC541 /* SearchViewController.xib */,
			);
			path = SearchViewController;
			sourceTree = "<group>";
		};
		F63E66D828C8C299000CC541 /* SettingsViewController */ = {
			isa = PBXGroup;
			children = (
				F63E66D428C8C295000CC541 /* SettingsViewController.swift */,
				F63E66D528C8C295000CC541 /* SettingsViewController.xib */,
			);
			path = SettingsViewController;
			sourceTree = "<group>";
		};
		F63E66D928C8C2B0000CC541 /* TabBarController */ = {
			isa = PBXGroup;
			children = (
				F63E66DA28C8C2D2000CC541 /* TabBarController.swift */,
			);
			path = TabBarController;
			sourceTree = "<group>";
		};
		F63E66DD28C8C325000CC541 /* Models */ = {
			isa = PBXGroup;
			children = (
			);
			path = Models;
			sourceTree = "<group>";
		};
/* End PBXGroup section */

/* Begin PBXNativeTarget section */
		F63E660E28C7313B000CC541 /* cs-zadatak2 */ = {
			isa = PBXNativeTarget;
			buildConfigurationList = F63E662628C7313B000CC541 /* Build configuration list for PBXNativeTarget "cs-zadatak2" */;
			buildPhases = (
				F63E660B28C7313B000CC541 /* Sources */,
				F63E660C28C7313B000CC541 /* Frameworks */,
				F63E660D28C7313B000CC541 /* Resources */,
			);
			buildRules = (
			);
			dependencies = (
			);
			name = "cs-zadatak2";
			productName = "cs-zadatak2";
			productReference = F63E660F28C7313B000CC541 /* cs-zadatak2.app */;
			productType = "com.apple.product-type.application";
		};
/* End PBXNativeTarget section */

/* Begin PBXProject section */
		F63E660728C7313B000CC541 /* Project object */ = {
			isa = PBXProject;
			attributes = {
				BuildIndependentTargetsInParallel = 1;
				LastSwiftUpdateCheck = 1320;
				LastUpgradeCheck = 1320;
				TargetAttributes = {
					F63E660E28C7313B000CC541 = {
						CreatedOnToolsVersion = 13.2.1;
					};
				};
			};
			buildConfigurationList = F63E660A28C7313B000CC541 /* Build configuration list for PBXProject "cs-zadatak2" */;
			compatibilityVersion = "Xcode 13.0";
			developmentRegion = en;
			hasScannedForEncodings = 0;
			knownRegions = (
				en,
				Base,
			);
			mainGroup = F63E660628C7313B000CC541;
			productRefGroup = F63E661028C7313B000CC541 /* Products */;
			projectDirPath = "";
			projectRoot = "";
			targets = (
				F63E660E28C7313B000CC541 /* cs-zadatak2 */,
			);
		};
/* End PBXProject section */

/* Begin PBXResourcesBuildPhase section */
		F63E660D28C7313B000CC541 /* Resources */ = {
			isa = PBXResourcesBuildPhase;
			buildActionMask = 2147483647;
			files = (
				F63E662228C7313B000CC541 /* LaunchScreen.storyboard in Resources */,
				F63E66D728C8C295000CC541 /* SettingsViewController.xib in Resources */,
				F63E66CE28C8C25D000CC541 /* ContactViewController.xib in Resources */,
				F63E661F28C7313B000CC541 /* Assets.xcassets in Resources */,
				F63E66D328C8C27F000CC541 /* SearchViewController.xib in Resources */,
				F63E666028C88359000CC541 /* HomeViewController.xib in Resources */,
			);
			runOnlyForDeploymentPostprocessing = 0;
		};
/* End PBXResourcesBuildPhase section */

/* Begin PBXSourcesBuildPhase section */
		F63E660B28C7313B000CC541 /* Sources */ = {
			isa = PBXSourcesBuildPhase;
			buildActionMask = 2147483647;
			files = (
				F63E666728C8848B000CC541 /* AppDelegateRouter.swift in Sources */,
				F63E661328C7313B000CC541 /* AppDelegate.swift in Sources */,
				F63E666928C8849C000CC541 /* NavigationRouter.swift in Sources */,
				F63E661D28C7313B000CC541 /* cs_zadatak2.xcdatamodeld in Sources */,
				F63E666328C88426000CC541 /* Coordinator.swift in Sources */,
				F63E666B28C884C4000CC541 /* ModalNavigationRouter.swift in Sources */,
				F63E66D228C8C27F000CC541 /* SearchViewController.swift in Sources */,
				F63E66CD28C8C25D000CC541 /* ContactViewController.swift in Sources */,
				F63E66DF28C8C353000CC541 /* TabBarCoordinator.swift in Sources */,
				F63E665C28C882FA000CC541 /* UIViewController.swift in Sources */,
				F63E666D28C884EA000CC541 /* HomeCoordinator.swift in Sources */,
				F63E66D628C8C295000CC541 /* SettingsViewController.swift in Sources */,
				F63E66DB28C8C2D2000CC541 /* TabBarController.swift in Sources */,
				F63E666528C8842D000CC541 /* Router.swift in Sources */,
				F63E665F28C88359000CC541 /* HomeViewController.swift in Sources */,
			);
			runOnlyForDeploymentPostprocessing = 0;
		};
/* End PBXSourcesBuildPhase section */

/* Begin PBXVariantGroup section */
		F63E662028C7313B000CC541 /* LaunchScreen.storyboard */ = {
			isa = PBXVariantGroup;
			children = (
				F63E662128C7313B000CC541 /* Base */,
			);
			name = LaunchScreen.storyboard;
			sourceTree = "<group>";
		};
/* End PBXVariantGroup section */

/* Begin XCBuildConfiguration section */
		F63E662428C7313B000CC541 /* Debug */ = {
			isa = XCBuildConfiguration;
			buildSettings = {
				ALWAYS_SEARCH_USER_PATHS = NO;
				CLANG_ANALYZER_NONNULL = YES;
				CLANG_ANALYZER_NUMBER_OBJECT_CONVERSION = YES_AGGRESSIVE;
				CLANG_CXX_LANGUAGE_STANDARD = "gnu++17";
				CLANG_CXX_LIBRARY = "libc++";
				CLANG_ENABLE_MODULES = YES;
				CLANG_ENABLE_OBJC_ARC = YES;
				CLANG_ENABLE_OBJC_WEAK = YES;
				CLANG_WARN_BLOCK_CAPTURE_AUTORELEASING = YES;
				CLANG_WARN_BOOL_CONVERSION = YES;
				CLANG_WARN_COMMA = YES;
				CLANG_WARN_CONSTANT_CONVERSION = YES;
				CLANG_WARN_DEPRECATED_OBJC_IMPLEMENTATIONS = YES;
				CLANG_WARN_DIRECT_OBJC_ISA_USAGE = YES_ERROR;
				CLANG_WARN_DOCUMENTATION_COMMENTS = YES;
				CLANG_WARN_EMPTY_BODY = YES;
				CLANG_WARN_ENUM_CONVERSION = YES;
				CLANG_WARN_INFINITE_RECURSION = YES;
				CLANG_WARN_INT_CONVERSION = YES;
				CLANG_WARN_NON_LITERAL_NULL_CONVERSION = YES;
				CLANG_WARN_OBJC_IMPLICIT_RETAIN_SELF = YES;
				CLANG_WARN_OBJC_LITERAL_CONVERSION = YES;
				CLANG_WARN_OBJC_ROOT_CLASS = YES_ERROR;
				CLANG_WARN_QUOTED_INCLUDE_IN_FRAMEWORK_HEADER = YES;
				CLANG_WARN_RANGE_LOOP_ANALYSIS = YES;
				CLANG_WARN_STRICT_PROTOTYPES = YES;
				CLANG_WARN_SUSPICIOUS_MOVE = YES;
				CLANG_WARN_UNGUARDED_AVAILABILITY = YES_AGGRESSIVE;
				CLANG_WARN_UNREACHABLE_CODE = YES;
				CLANG_WARN__DUPLICATE_METHOD_MATCH = YES;
				COPY_PHASE_STRIP = NO;
				DEBUG_INFORMATION_FORMAT = dwarf;
				ENABLE_STRICT_OBJC_MSGSEND = YES;
				ENABLE_TESTABILITY = YES;
				GCC_C_LANGUAGE_STANDARD = gnu11;
				GCC_DYNAMIC_NO_PIC = NO;
				GCC_NO_COMMON_BLOCKS = YES;
				GCC_OPTIMIZATION_LEVEL = 0;
				GCC_PREPROCESSOR_DEFINITIONS = (
					"DEBUG=1",
					"$(inherited)",
				);
				GCC_WARN_64_TO_32_BIT_CONVERSION = YES;
				GCC_WARN_ABOUT_RETURN_TYPE = YES_ERROR;
				GCC_WARN_UNDECLARED_SELECTOR = YES;
				GCC_WARN_UNINITIALIZED_AUTOS = YES_AGGRESSIVE;
				GCC_WARN_UNUSED_FUNCTION = YES;
				GCC_WARN_UNUSED_VARIABLE = YES;
				IPHONEOS_DEPLOYMENT_TARGET = 15.2;
				MTL_ENABLE_DEBUG_INFO = INCLUDE_SOURCE;
				MTL_FAST_MATH = YES;
				ONLY_ACTIVE_ARCH = YES;
				SDKROOT = iphoneos;
				SWIFT_ACTIVE_COMPILATION_CONDITIONS = DEBUG;
				SWIFT_OPTIMIZATION_LEVEL = "-Onone";
			};
			name = Debug;
		};
		F63E662528C7313B000CC541 /* Release */ = {
			isa = XCBuildConfiguration;
			buildSettings = {
				ALWAYS_SEARCH_USER_PATHS = NO;
				CLANG_ANALYZER_NONNULL = YES;
				CLANG_ANALYZER_NUMBER_OBJECT_CONVERSION = YES_AGGRESSIVE;
				CLANG_CXX_LANGUAGE_STANDARD = "gnu++17";
				CLANG_CXX_LIBRARY = "libc++";
				CLANG_ENABLE_MODULES = YES;
				CLANG_ENABLE_OBJC_ARC = YES;
				CLANG_ENABLE_OBJC_WEAK = YES;
				CLANG_WARN_BLOCK_CAPTURE_AUTORELEASING = YES;
				CLANG_WARN_BOOL_CONVERSION = YES;
				CLANG_WARN_COMMA = YES;
				CLANG_WARN_CONSTANT_CONVERSION = YES;
				CLANG_WARN_DEPRECATED_OBJC_IMPLEMENTATIONS = YES;
				CLANG_WARN_DIRECT_OBJC_ISA_USAGE = YES_ERROR;
				CLANG_WARN_DOCUMENTATION_COMMENTS = YES;
				CLANG_WARN_EMPTY_BODY = YES;
				CLANG_WARN_ENUM_CONVERSION = YES;
				CLANG_WARN_INFINITE_RECURSION = YES;
				CLANG_WARN_INT_CONVERSION = YES;
				CLANG_WARN_NON_LITERAL_NULL_CONVERSION = YES;
				CLANG_WARN_OBJC_IMPLICIT_RETAIN_SELF = YES;
				CLANG_WARN_OBJC_LITERAL_CONVERSION = YES;
				CLANG_WARN_OBJC_ROOT_CLASS = YES_ERROR;
				CLANG_WARN_QUOTED_INCLUDE_IN_FRAMEWORK_HEADER = YES;
				CLANG_WARN_RANGE_LOOP_ANALYSIS = YES;
				CLANG_WARN_STRICT_PROTOTYPES = YES;
				CLANG_WARN_SUSPICIOUS_MOVE = YES;
				CLANG_WARN_UNGUARDED_AVAILABILITY = YES_AGGRESSIVE;
				CLANG_WARN_UNREACHABLE_CODE = YES;
				CLANG_WARN__DUPLICATE_METHOD_MATCH = YES;
				COPY_PHASE_STRIP = NO;
				DEBUG_INFORMATION_FORMAT = "dwarf-with-dsym";
				ENABLE_NS_ASSERTIONS = NO;
				ENABLE_STRICT_OBJC_MSGSEND = YES;
				GCC_C_LANGUAGE_STANDARD = gnu11;
				GCC_NO_COMMON_BLOCKS = YES;
				GCC_WARN_64_TO_32_BIT_CONVERSION = YES;
				GCC_WARN_ABOUT_RETURN_TYPE = YES_ERROR;
				GCC_WARN_UNDECLARED_SELECTOR = YES;
				GCC_WARN_UNINITIALIZED_AUTOS = YES_AGGRESSIVE;
				GCC_WARN_UNUSED_FUNCTION = YES;
				GCC_WARN_UNUSED_VARIABLE = YES;
				IPHONEOS_DEPLOYMENT_TARGET = 15.2;
				MTL_ENABLE_DEBUG_INFO = NO;
				MTL_FAST_MATH = YES;
				SDKROOT = iphoneos;
				SWIFT_COMPILATION_MODE = wholemodule;
				SWIFT_OPTIMIZATION_LEVEL = "-O";
				VALIDATE_PRODUCT = YES;
			};
			name = Release;
		};
		F63E662728C7313B000CC541 /* Debug */ = {
			isa = XCBuildConfiguration;
			buildSettings = {
				ASSETCATALOG_COMPILER_APPICON_NAME = AppIcon;
				ASSETCATALOG_COMPILER_GLOBAL_ACCENT_COLOR_NAME = AccentColor;
				CODE_SIGN_STYLE = Automatic;
				CURRENT_PROJECT_VERSION = 1;
				GENERATE_INFOPLIST_FILE = YES;
				INFOPLIST_FILE = "cs-zadatak2/Info.plist";
				INFOPLIST_KEY_UIApplicationSupportsIndirectInputEvents = YES;
				INFOPLIST_KEY_UILaunchStoryboardName = LaunchScreen;
				INFOPLIST_KEY_UISupportedInterfaceOrientations_iPad = "UIInterfaceOrientationPortrait UIInterfaceOrientationPortraitUpsideDown UIInterfaceOrientationLandscapeLeft UIInterfaceOrientationLandscapeRight";
				INFOPLIST_KEY_UISupportedInterfaceOrientations_iPhone = "UIInterfaceOrientationPortrait UIInterfaceOrientationLandscapeLeft UIInterfaceOrientationLandscapeRight";
				LD_RUNPATH_SEARCH_PATHS = (
					"$(inherited)",
					"@executable_path/Frameworks",
				);
				MARKETING_VERSION = 1.0;
				PRODUCT_BUNDLE_IDENTIFIER = "hr.cs.cs-zadatak2";
				PRODUCT_NAME = "$(TARGET_NAME)";
				SWIFT_EMIT_LOC_STRINGS = YES;
				SWIFT_VERSION = 5.0;
				TARGETED_DEVICE_FAMILY = "1,2";
			};
			name = Debug;
		};
		F63E662828C7313B000CC541 /* Release */ = {
			isa = XCBuildConfiguration;
			buildSettings = {
				ASSETCATALOG_COMPILER_APPICON_NAME = AppIcon;
				ASSETCATALOG_COMPILER_GLOBAL_ACCENT_COLOR_NAME = AccentColor;
				CODE_SIGN_STYLE = Automatic;
				CURRENT_PROJECT_VERSION = 1;
				GENERATE_INFOPLIST_FILE = YES;
				INFOPLIST_FILE = "cs-zadatak2/Info.plist";
				INFOPLIST_KEY_UIApplicationSupportsIndirectInputEvents = YES;
				INFOPLIST_KEY_UILaunchStoryboardName = LaunchScreen;
				INFOPLIST_KEY_UISupportedInterfaceOrientations_iPad = "UIInterfaceOrientationPortrait UIInterfaceOrientationPortraitUpsideDown UIInterfaceOrientationLandscapeLeft UIInterfaceOrientationLandscapeRight";
				INFOPLIST_KEY_UISupportedInterfaceOrientations_iPhone = "UIInterfaceOrientationPortrait UIInterfaceOrientationLandscapeLeft UIInterfaceOrientationLandscapeRight";
				LD_RUNPATH_SEARCH_PATHS = (
					"$(inherited)",
					"@executable_path/Frameworks",
				);
				MARKETING_VERSION = 1.0;
				PRODUCT_BUNDLE_IDENTIFIER = "hr.cs.cs-zadatak2";
				PRODUCT_NAME = "$(TARGET_NAME)";
				SWIFT_EMIT_LOC_STRINGS = YES;
				SWIFT_VERSION = 5.0;
				TARGETED_DEVICE_FAMILY = "1,2";
			};
			name = Release;
		};
/* End XCBuildConfiguration section */

/* Begin XCConfigurationList section */
		F63E660A28C7313B000CC541 /* Build configuration list for PBXProject "cs-zadatak2" */ = {
			isa = XCConfigurationList;
			buildConfigurations = (
				F63E662428C7313B000CC541 /* Debug */,
				F63E662528C7313B000CC541 /* Release */,
			);
			defaultConfigurationIsVisible = 0;
			defaultConfigurationName = Release;
		};
		F63E662628C7313B000CC541 /* Build configuration list for PBXNativeTarget "cs-zadatak2" */ = {
			isa = XCConfigurationList;
			buildConfigurations = (
				F63E662728C7313B000CC541 /* Debug */,
				F63E662828C7313B000CC541 /* Release */,
			);
			defaultConfigurationIsVisible = 0;
			defaultConfigurationName = Release;
		};
/* End XCConfigurationList section */

/* Begin XCVersionGroup section */
		F63E661B28C7313B000CC541 /* cs_zadatak2.xcdatamodeld */ = {
			isa = XCVersionGroup;
			children = (
				F63E661C28C7313B000CC541 /* cs_zadatak2.xcdatamodel */,
			);
			currentVersion = F63E661C28C7313B000CC541 /* cs_zadatak2.xcdatamodel */;
			path = cs_zadatak2.xcdatamodeld;
			sourceTree = "<group>";
			versionGroupType = wrapper.xcdatamodel;
		};
/* End XCVersionGroup section */
	};
	rootObject = F63E660728C7313B000CC541 /* Project object */;
}
