// !$*UTF8*$!
{
	archiveVersion = 1;
	classes = {
	};
	objectVersion = 55;
	objects = {

/* Begin PBXBuildFile section */
		F62E856028D0668800248EC5 /* News+CoreDataClass.swift in Sources */ = {isa = PBXBuildFile; fileRef = F62E855E28D0668800248EC5 /* News+CoreDataClass.swift */; };
		F62E856128D0668800248EC5 /* News+CoreDataProperties.swift in Sources */ = {isa = PBXBuildFile; fileRef = F62E855F28D0668800248EC5 /* News+CoreDataProperties.swift */; };
		F62E856828D0778100248EC5 /* NewsWebViewCoordinator.swift in Sources */ = {isa = PBXBuildFile; fileRef = F62E856728D0778100248EC5 /* NewsWebViewCoordinator.swift */; };
		F62E856A28D0BE0F00248EC5 /* SettingsCoordinator.swift in Sources */ = {isa = PBXBuildFile; fileRef = F62E856928D0BE0F00248EC5 /* SettingsCoordinator.swift */; };
		F62E856C28D0BE1F00248EC5 /* ContactCoordinator.swift in Sources */ = {isa = PBXBuildFile; fileRef = F62E856B28D0BE1F00248EC5 /* ContactCoordinator.swift */; };
		F62E856E28D0BE2C00248EC5 /* SearchCoordinator.swift in Sources */ = {isa = PBXBuildFile; fileRef = F62E856D28D0BE2C00248EC5 /* SearchCoordinator.swift */; };
		F62E857828D2069000248EC5 /* ContactCell.swift in Sources */ = {isa = PBXBuildFile; fileRef = F62E857628D2069000248EC5 /* ContactCell.swift */; };
		F62E857928D2069000248EC5 /* ContactCell.xib in Resources */ = {isa = PBXBuildFile; fileRef = F62E857728D2069000248EC5 /* ContactCell.xib */; };
		F62E857D28D213DD00248EC5 /* SettingsCell.swift in Sources */ = {isa = PBXBuildFile; fileRef = F62E857B28D213DD00248EC5 /* SettingsCell.swift */; };
		F62E857E28D213DD00248EC5 /* SettingsCell.xib in Resources */ = {isa = PBXBuildFile; fileRef = F62E857C28D213DD00248EC5 /* SettingsCell.xib */; };
		F62E858328D3044E00248EC5 /* OtherAppsViewController.swift in Sources */ = {isa = PBXBuildFile; fileRef = F62E858128D3044E00248EC5 /* OtherAppsViewController.swift */; };
		F62E858428D3044E00248EC5 /* OtherAppsViewController.xib in Resources */ = {isa = PBXBuildFile; fileRef = F62E858228D3044E00248EC5 /* OtherAppsViewController.xib */; };
		F62E858828D305D500248EC5 /* OtherAppsCell.swift in Sources */ = {isa = PBXBuildFile; fileRef = F62E858628D305D500248EC5 /* OtherAppsCell.swift */; };
		F62E858928D305D500248EC5 /* OtherAppsCell.xib in Resources */ = {isa = PBXBuildFile; fileRef = F62E858728D305D500248EC5 /* OtherAppsCell.xib */; };
		F62E859028D4504100248EC5 /* OtherAppsCoordinator.swift in Sources */ = {isa = PBXBuildFile; fileRef = F62E858F28D4504100248EC5 /* OtherAppsCoordinator.swift */; };
		F62E859428D49AE600248EC5 /* AppCoordinator.swift in Sources */ = {isa = PBXBuildFile; fileRef = F62E859328D49AE600248EC5 /* AppCoordinator.swift */; };
		F62E859628D49D8700248EC5 /* TabBarRouter.swift in Sources */ = {isa = PBXBuildFile; fileRef = F62E859528D49D8700248EC5 /* TabBarRouter.swift */; };
		F62E859928D8863E00248EC5 /* NewsWebViewController.swift in Sources */ = {isa = PBXBuildFile; fileRef = F62E859728D8863E00248EC5 /* NewsWebViewController.swift */; };
		F62E859A28D8863E00248EC5 /* NewsWebViewController.xib in Resources */ = {isa = PBXBuildFile; fileRef = F62E859828D8863E00248EC5 /* NewsWebViewController.xib */; };
		F62E859C28DAFB4C00248EC5 /* Array.swift in Sources */ = {isa = PBXBuildFile; fileRef = F62E859B28DAFB4C00248EC5 /* Array.swift */; };
		F633C86728CF136A00B462BA /* News.xcdatamodeld in Sources */ = {isa = PBXBuildFile; fileRef = F633C86528CF136A00B462BA /* News.xcdatamodeld */; };
		F63E661328C7313B000CC541 /* AppDelegate.swift in Sources */ = {isa = PBXBuildFile; fileRef = F63E661228C7313B000CC541 /* AppDelegate.swift */; };
		F63E661F28C7313B000CC541 /* Assets.xcassets in Resources */ = {isa = PBXBuildFile; fileRef = F63E661E28C7313B000CC541 /* Assets.xcassets */; };
		F63E662228C7313B000CC541 /* LaunchScreen.storyboard in Resources */ = {isa = PBXBuildFile; fileRef = F63E662028C7313B000CC541 /* LaunchScreen.storyboard */; };
		F63E665C28C882FA000CC541 /* UIViewController.swift in Sources */ = {isa = PBXBuildFile; fileRef = F63E665B28C882FA000CC541 /* UIViewController.swift */; };
		F63E665F28C88359000CC541 /* HomeViewController.swift in Sources */ = {isa = PBXBuildFile; fileRef = F63E665D28C88359000CC541 /* HomeViewController.swift */; };
		F63E666028C88359000CC541 /* HomeViewController.xib in Resources */ = {isa = PBXBuildFile; fileRef = F63E665E28C88359000CC541 /* HomeViewController.xib */; };
		F63E666328C88426000CC541 /* Coordinator.swift in Sources */ = {isa = PBXBuildFile; fileRef = F63E666228C88426000CC541 /* Coordinator.swift */; };
		F63E666528C8842D000CC541 /* Router.swift in Sources */ = {isa = PBXBuildFile; fileRef = F63E666428C8842D000CC541 /* Router.swift */; };
		F63E666728C8848B000CC541 /* AppDelegateRouter.swift in Sources */ = {isa = PBXBuildFile; fileRef = F63E666628C8848B000CC541 /* AppDelegateRouter.swift */; };
		F63E666928C8849C000CC541 /* NavigationRouter.swift in Sources */ = {isa = PBXBuildFile; fileRef = F63E666828C8849C000CC541 /* NavigationRouter.swift */; };
		F63E666D28C884EA000CC541 /* HomeCoordinator.swift in Sources */ = {isa = PBXBuildFile; fileRef = F63E666C28C884EA000CC541 /* HomeCoordinator.swift */; };
		F63E66CD28C8C25D000CC541 /* ContactViewController.swift in Sources */ = {isa = PBXBuildFile; fileRef = F63E66CB28C8C25D000CC541 /* ContactViewController.swift */; };
		F63E66CE28C8C25D000CC541 /* ContactViewController.xib in Resources */ = {isa = PBXBuildFile; fileRef = F63E66CC28C8C25D000CC541 /* ContactViewController.xib */; };
		F63E66D228C8C27F000CC541 /* SearchViewController.swift in Sources */ = {isa = PBXBuildFile; fileRef = F63E66D028C8C27F000CC541 /* SearchViewController.swift */; };
		F63E66D328C8C27F000CC541 /* SearchViewController.xib in Resources */ = {isa = PBXBuildFile; fileRef = F63E66D128C8C27F000CC541 /* SearchViewController.xib */; };
		F63E66D628C8C295000CC541 /* SettingsViewController.swift in Sources */ = {isa = PBXBuildFile; fileRef = F63E66D428C8C295000CC541 /* SettingsViewController.swift */; };
		F63E66D728C8C295000CC541 /* SettingsViewController.xib in Resources */ = {isa = PBXBuildFile; fileRef = F63E66D528C8C295000CC541 /* SettingsViewController.xib */; };
		F63E66DB28C8C2D2000CC541 /* TabBarController.swift in Sources */ = {isa = PBXBuildFile; fileRef = F63E66DA28C8C2D2000CC541 /* TabBarController.swift */; };
		F63E66DF28C8C353000CC541 /* TabBarCoordinator.swift in Sources */ = {isa = PBXBuildFile; fileRef = F63E66DE28C8C353000CC541 /* TabBarCoordinator.swift */; };
		F63E66E228C8CED2000CC541 /* LeakedViewControllerDetector in Frameworks */ = {isa = PBXBuildFile; productRef = F63E66E128C8CED2000CC541 /* LeakedViewControllerDetector */; };
		F63E66E428C8CFA7000CC541 /* CategoryModel.swift in Sources */ = {isa = PBXBuildFile; fileRef = F63E66E328C8CFA7000CC541 /* CategoryModel.swift */; };
		F63E66FE28CA14CB000CC541 /* CategoryCell.swift in Sources */ = {isa = PBXBuildFile; fileRef = F63E66FC28CA14CB000CC541 /* CategoryCell.swift */; };
		F63E66FF28CA14CB000CC541 /* CategoryCell.xib in Resources */ = {isa = PBXBuildFile; fileRef = F63E66FD28CA14CB000CC541 /* CategoryCell.xib */; };
		F63E670D28CB1DF8000CC541 /* NewsModel.swift in Sources */ = {isa = PBXBuildFile; fileRef = F63E670C28CB1DF8000CC541 /* NewsModel.swift */; };
		F63E671628CB2238000CC541 /* HomeCell.swift in Sources */ = {isa = PBXBuildFile; fileRef = F63E671428CB2238000CC541 /* HomeCell.swift */; };
		F63E671728CB2238000CC541 /* HomeCell.xib in Resources */ = {isa = PBXBuildFile; fileRef = F63E671528CB2238000CC541 /* HomeCell.xib */; };
		F63E671F28CB44F3000CC541 /* XMLParser.swift in Sources */ = {isa = PBXBuildFile; fileRef = F63E671E28CB44F3000CC541 /* XMLParser.swift */; };
		F63E672B28CB50F7000CC541 /* NewsStorage.swift in Sources */ = {isa = PBXBuildFile; fileRef = F63E672A28CB50F7000CC541 /* NewsStorage.swift */; };
		F6EC4F5F28E1C0CF00AA9BA2 /* HomeViewModel.swift in Sources */ = {isa = PBXBuildFile; fileRef = F6EC4F5E28E1C0CF00AA9BA2 /* HomeViewModel.swift */; };
		F6EC4F6628E1C4D900AA9BA2 /* ViewNewsUseCase.swift in Sources */ = {isa = PBXBuildFile; fileRef = F6EC4F6528E1C4D900AA9BA2 /* ViewNewsUseCase.swift */; };
		F6EC4F6928E1C5D800AA9BA2 /* NewsRepository.swift in Sources */ = {isa = PBXBuildFile; fileRef = F6EC4F6828E1C5D800AA9BA2 /* NewsRepository.swift */; };
		F6EC4F6E28E1E05B00AA9BA2 /* NewsViewModel.swift in Sources */ = {isa = PBXBuildFile; fileRef = F6EC4F6D28E1E05B00AA9BA2 /* NewsViewModel.swift */; };
		F6EC4F7228E1E43900AA9BA2 /* SearchViewModel.swift in Sources */ = {isa = PBXBuildFile; fileRef = F6EC4F7128E1E43900AA9BA2 /* SearchViewModel.swift */; };
		F6EC4F7528E1E5C500AA9BA2 /* ContactViewModel.swift in Sources */ = {isa = PBXBuildFile; fileRef = F6EC4F7428E1E5C500AA9BA2 /* ContactViewModel.swift */; };
		F6EC4F7728E1E66800AA9BA2 /* SettingsViewModel.swift in Sources */ = {isa = PBXBuildFile; fileRef = F6EC4F7628E1E66800AA9BA2 /* SettingsViewModel.swift */; };
		F6EC4F7A28E1E72B00AA9BA2 /* OtherAppsViewModel.swift in Sources */ = {isa = PBXBuildFile; fileRef = F6EC4F7928E1E72B00AA9BA2 /* OtherAppsViewModel.swift */; };
		F6EC4F8128E2FAEC00AA9BA2 /* Cancellable.swift in Sources */ = {isa = PBXBuildFile; fileRef = F6EC4F8028E2FAEC00AA9BA2 /* Cancellable.swift */; };
		F6EC4F8628E3135300AA9BA2 /* SDWebImage in Frameworks */ = {isa = PBXBuildFile; productRef = F6EC4F8528E3135300AA9BA2 /* SDWebImage */; };
		F6EC4F8828E3135300AA9BA2 /* SDWebImageMapKit in Frameworks */ = {isa = PBXBuildFile; productRef = F6EC4F8728E3135300AA9BA2 /* SDWebImageMapKit */; };
		F6EC4F8A28E3192E00AA9BA2 /* HomeCellViewModel.swift in Sources */ = {isa = PBXBuildFile; fileRef = F6EC4F8928E3192E00AA9BA2 /* HomeCellViewModel.swift */; };
		F6EC4F8C28E3298500AA9BA2 /* SettingModel.swift in Sources */ = {isa = PBXBuildFile; fileRef = F6EC4F8B28E3298500AA9BA2 /* SettingModel.swift */; };
		F6EC4F9328E43F5100AA9BA2 /* CategoriesCollectionView.swift in Sources */ = {isa = PBXBuildFile; fileRef = F6EC4F9228E43F5100AA9BA2 /* CategoriesCollectionView.swift */; };
		F6EC4F9728E4803A00AA9BA2 /* HomeCollectionView.swift in Sources */ = {isa = PBXBuildFile; fileRef = F6EC4F9628E4803A00AA9BA2 /* HomeCollectionView.swift */; };
/* End PBXBuildFile section */

/* Begin PBXFileReference section */
		F62E855E28D0668800248EC5 /* News+CoreDataClass.swift */ = {isa = PBXFileReference; lastKnownFileType = sourcecode.swift; path = "News+CoreDataClass.swift"; sourceTree = "<group>"; };
		F62E855F28D0668800248EC5 /* News+CoreDataProperties.swift */ = {isa = PBXFileReference; lastKnownFileType = sourcecode.swift; path = "News+CoreDataProperties.swift"; sourceTree = "<group>"; };
		F62E856728D0778100248EC5 /* NewsWebViewCoordinator.swift */ = {isa = PBXFileReference; lastKnownFileType = sourcecode.swift; path = NewsWebViewCoordinator.swift; sourceTree = "<group>"; };
		F62E856928D0BE0F00248EC5 /* SettingsCoordinator.swift */ = {isa = PBXFileReference; lastKnownFileType = sourcecode.swift; path = SettingsCoordinator.swift; sourceTree = "<group>"; };
		F62E856B28D0BE1F00248EC5 /* ContactCoordinator.swift */ = {isa = PBXFileReference; lastKnownFileType = sourcecode.swift; path = ContactCoordinator.swift; sourceTree = "<group>"; };
		F62E856D28D0BE2C00248EC5 /* SearchCoordinator.swift */ = {isa = PBXFileReference; lastKnownFileType = sourcecode.swift; path = SearchCoordinator.swift; sourceTree = "<group>"; };
		F62E857628D2069000248EC5 /* ContactCell.swift */ = {isa = PBXFileReference; lastKnownFileType = sourcecode.swift; path = ContactCell.swift; sourceTree = "<group>"; };
		F62E857728D2069000248EC5 /* ContactCell.xib */ = {isa = PBXFileReference; lastKnownFileType = file.xib; path = ContactCell.xib; sourceTree = "<group>"; };
		F62E857B28D213DD00248EC5 /* SettingsCell.swift */ = {isa = PBXFileReference; lastKnownFileType = sourcecode.swift; path = SettingsCell.swift; sourceTree = "<group>"; };
		F62E857C28D213DD00248EC5 /* SettingsCell.xib */ = {isa = PBXFileReference; lastKnownFileType = file.xib; path = SettingsCell.xib; sourceTree = "<group>"; };
		F62E858128D3044E00248EC5 /* OtherAppsViewController.swift */ = {isa = PBXFileReference; lastKnownFileType = sourcecode.swift; path = OtherAppsViewController.swift; sourceTree = "<group>"; };
		F62E858228D3044E00248EC5 /* OtherAppsViewController.xib */ = {isa = PBXFileReference; lastKnownFileType = file.xib; path = OtherAppsViewController.xib; sourceTree = "<group>"; };
		F62E858628D305D500248EC5 /* OtherAppsCell.swift */ = {isa = PBXFileReference; lastKnownFileType = sourcecode.swift; path = OtherAppsCell.swift; sourceTree = "<group>"; };
		F62E858728D305D500248EC5 /* OtherAppsCell.xib */ = {isa = PBXFileReference; lastKnownFileType = file.xib; path = OtherAppsCell.xib; sourceTree = "<group>"; };
		F62E858F28D4504100248EC5 /* OtherAppsCoordinator.swift */ = {isa = PBXFileReference; lastKnownFileType = sourcecode.swift; path = OtherAppsCoordinator.swift; sourceTree = "<group>"; };
		F62E859328D49AE600248EC5 /* AppCoordinator.swift */ = {isa = PBXFileReference; lastKnownFileType = sourcecode.swift; path = AppCoordinator.swift; sourceTree = "<group>"; };
		F62E859528D49D8700248EC5 /* TabBarRouter.swift */ = {isa = PBXFileReference; lastKnownFileType = sourcecode.swift; path = TabBarRouter.swift; sourceTree = "<group>"; };
		F62E859728D8863E00248EC5 /* NewsWebViewController.swift */ = {isa = PBXFileReference; lastKnownFileType = sourcecode.swift; path = NewsWebViewController.swift; sourceTree = "<group>"; };
		F62E859828D8863E00248EC5 /* NewsWebViewController.xib */ = {isa = PBXFileReference; lastKnownFileType = file.xib; path = NewsWebViewController.xib; sourceTree = "<group>"; };
		F62E859B28DAFB4C00248EC5 /* Array.swift */ = {isa = PBXFileReference; lastKnownFileType = sourcecode.swift; path = Array.swift; sourceTree = "<group>"; };
		F633C86628CF136A00B462BA /* News.xcdatamodel */ = {isa = PBXFileReference; lastKnownFileType = wrapper.xcdatamodel; path = News.xcdatamodel; sourceTree = "<group>"; };
		F63E660F28C7313B000CC541 /* HRTvijesti.app */ = {isa = PBXFileReference; explicitFileType = wrapper.application; includeInIndex = 0; path = HRTvijesti.app; sourceTree = BUILT_PRODUCTS_DIR; };
		F63E661228C7313B000CC541 /* AppDelegate.swift */ = {isa = PBXFileReference; lastKnownFileType = sourcecode.swift; path = AppDelegate.swift; sourceTree = "<group>"; };
		F63E661E28C7313B000CC541 /* Assets.xcassets */ = {isa = PBXFileReference; lastKnownFileType = folder.assetcatalog; path = Assets.xcassets; sourceTree = "<group>"; };
		F63E662128C7313B000CC541 /* Base */ = {isa = PBXFileReference; lastKnownFileType = file.storyboard; name = Base; path = Base.lproj/LaunchScreen.storyboard; sourceTree = "<group>"; };
		F63E662328C7313B000CC541 /* Info.plist */ = {isa = PBXFileReference; lastKnownFileType = text.plist.xml; path = Info.plist; sourceTree = "<group>"; };
		F63E665B28C882FA000CC541 /* UIViewController.swift */ = {isa = PBXFileReference; lastKnownFileType = sourcecode.swift; path = UIViewController.swift; sourceTree = "<group>"; };
		F63E665D28C88359000CC541 /* HomeViewController.swift */ = {isa = PBXFileReference; lastKnownFileType = sourcecode.swift; path = HomeViewController.swift; sourceTree = "<group>"; };
		F63E665E28C88359000CC541 /* HomeViewController.xib */ = {isa = PBXFileReference; lastKnownFileType = file.xib; path = HomeViewController.xib; sourceTree = "<group>"; };
		F63E666228C88426000CC541 /* Coordinator.swift */ = {isa = PBXFileReference; lastKnownFileType = sourcecode.swift; path = Coordinator.swift; sourceTree = "<group>"; };
		F63E666428C8842D000CC541 /* Router.swift */ = {isa = PBXFileReference; lastKnownFileType = sourcecode.swift; path = Router.swift; sourceTree = "<group>"; };
		F63E666628C8848B000CC541 /* AppDelegateRouter.swift */ = {isa = PBXFileReference; lastKnownFileType = sourcecode.swift; path = AppDelegateRouter.swift; sourceTree = "<group>"; };
		F63E666828C8849C000CC541 /* NavigationRouter.swift */ = {isa = PBXFileReference; lastKnownFileType = sourcecode.swift; path = NavigationRouter.swift; sourceTree = "<group>"; };
		F63E666C28C884EA000CC541 /* HomeCoordinator.swift */ = {isa = PBXFileReference; lastKnownFileType = sourcecode.swift; path = HomeCoordinator.swift; sourceTree = "<group>"; };
		F63E66CB28C8C25D000CC541 /* ContactViewController.swift */ = {isa = PBXFileReference; lastKnownFileType = sourcecode.swift; path = ContactViewController.swift; sourceTree = "<group>"; };
		F63E66CC28C8C25D000CC541 /* ContactViewController.xib */ = {isa = PBXFileReference; lastKnownFileType = file.xib; path = ContactViewController.xib; sourceTree = "<group>"; };
		F63E66D028C8C27F000CC541 /* SearchViewController.swift */ = {isa = PBXFileReference; lastKnownFileType = sourcecode.swift; path = SearchViewController.swift; sourceTree = "<group>"; };
		F63E66D128C8C27F000CC541 /* SearchViewController.xib */ = {isa = PBXFileReference; lastKnownFileType = file.xib; path = SearchViewController.xib; sourceTree = "<group>"; };
		F63E66D428C8C295000CC541 /* SettingsViewController.swift */ = {isa = PBXFileReference; lastKnownFileType = sourcecode.swift; path = SettingsViewController.swift; sourceTree = "<group>"; };
		F63E66D528C8C295000CC541 /* SettingsViewController.xib */ = {isa = PBXFileReference; lastKnownFileType = file.xib; path = SettingsViewController.xib; sourceTree = "<group>"; };
		F63E66DA28C8C2D2000CC541 /* TabBarController.swift */ = {isa = PBXFileReference; lastKnownFileType = sourcecode.swift; path = TabBarController.swift; sourceTree = "<group>"; };
		F63E66DE28C8C353000CC541 /* TabBarCoordinator.swift */ = {isa = PBXFileReference; lastKnownFileType = sourcecode.swift; path = TabBarCoordinator.swift; sourceTree = "<group>"; };
		F63E66E328C8CFA7000CC541 /* CategoryModel.swift */ = {isa = PBXFileReference; lastKnownFileType = sourcecode.swift; path = CategoryModel.swift; sourceTree = "<group>"; };
		F63E66FC28CA14CB000CC541 /* CategoryCell.swift */ = {isa = PBXFileReference; lastKnownFileType = sourcecode.swift; path = CategoryCell.swift; sourceTree = "<group>"; };
		F63E66FD28CA14CB000CC541 /* CategoryCell.xib */ = {isa = PBXFileReference; lastKnownFileType = file.xib; path = CategoryCell.xib; sourceTree = "<group>"; };
		F63E670C28CB1DF8000CC541 /* NewsModel.swift */ = {isa = PBXFileReference; lastKnownFileType = sourcecode.swift; path = NewsModel.swift; sourceTree = "<group>"; };
		F63E671428CB2238000CC541 /* HomeCell.swift */ = {isa = PBXFileReference; lastKnownFileType = sourcecode.swift; path = HomeCell.swift; sourceTree = "<group>"; };
		F63E671528CB2238000CC541 /* HomeCell.xib */ = {isa = PBXFileReference; lastKnownFileType = file.xib; path = HomeCell.xib; sourceTree = "<group>"; };
		F63E671E28CB44F3000CC541 /* XMLParser.swift */ = {isa = PBXFileReference; lastKnownFileType = sourcecode.swift; path = XMLParser.swift; sourceTree = "<group>"; };
		F63E672A28CB50F7000CC541 /* NewsStorage.swift */ = {isa = PBXFileReference; lastKnownFileType = sourcecode.swift; path = NewsStorage.swift; sourceTree = "<group>"; };
		F6EC4F5E28E1C0CF00AA9BA2 /* HomeViewModel.swift */ = {isa = PBXFileReference; lastKnownFileType = sourcecode.swift; path = HomeViewModel.swift; sourceTree = "<group>"; };
		F6EC4F6528E1C4D900AA9BA2 /* ViewNewsUseCase.swift */ = {isa = PBXFileReference; lastKnownFileType = sourcecode.swift; path = ViewNewsUseCase.swift; sourceTree = "<group>"; };
		F6EC4F6828E1C5D800AA9BA2 /* NewsRepository.swift */ = {isa = PBXFileReference; lastKnownFileType = sourcecode.swift; path = NewsRepository.swift; sourceTree = "<group>"; };
		F6EC4F6D28E1E05B00AA9BA2 /* NewsViewModel.swift */ = {isa = PBXFileReference; lastKnownFileType = sourcecode.swift; path = NewsViewModel.swift; sourceTree = "<group>"; };
		F6EC4F7128E1E43900AA9BA2 /* SearchViewModel.swift */ = {isa = PBXFileReference; lastKnownFileType = sourcecode.swift; path = SearchViewModel.swift; sourceTree = "<group>"; };
		F6EC4F7428E1E5C500AA9BA2 /* ContactViewModel.swift */ = {isa = PBXFileReference; lastKnownFileType = sourcecode.swift; path = ContactViewModel.swift; sourceTree = "<group>"; };
		F6EC4F7628E1E66800AA9BA2 /* SettingsViewModel.swift */ = {isa = PBXFileReference; lastKnownFileType = sourcecode.swift; path = SettingsViewModel.swift; sourceTree = "<group>"; };
		F6EC4F7928E1E72B00AA9BA2 /* OtherAppsViewModel.swift */ = {isa = PBXFileReference; lastKnownFileType = sourcecode.swift; path = OtherAppsViewModel.swift; sourceTree = "<group>"; };
		F6EC4F8028E2FAEC00AA9BA2 /* Cancellable.swift */ = {isa = PBXFileReference; lastKnownFileType = sourcecode.swift; path = Cancellable.swift; sourceTree = "<group>"; };
		F6EC4F8928E3192E00AA9BA2 /* HomeCellViewModel.swift */ = {isa = PBXFileReference; lastKnownFileType = sourcecode.swift; path = HomeCellViewModel.swift; sourceTree = "<group>"; };
		F6EC4F8B28E3298500AA9BA2 /* SettingModel.swift */ = {isa = PBXFileReference; lastKnownFileType = sourcecode.swift; path = SettingModel.swift; sourceTree = "<group>"; };
		F6EC4F9228E43F5100AA9BA2 /* CategoriesCollectionView.swift */ = {isa = PBXFileReference; lastKnownFileType = sourcecode.swift; path = CategoriesCollectionView.swift; sourceTree = "<group>"; };
		F6EC4F9628E4803A00AA9BA2 /* HomeCollectionView.swift */ = {isa = PBXFileReference; lastKnownFileType = sourcecode.swift; path = HomeCollectionView.swift; sourceTree = "<group>"; };
/* End PBXFileReference section */

/* Begin PBXFrameworksBuildPhase section */
		F63E660C28C7313B000CC541 /* Frameworks */ = {
			isa = PBXFrameworksBuildPhase;
			buildActionMask = 2147483647;
			files = (
				F6EC4F8628E3135300AA9BA2 /* SDWebImage in Frameworks */,
				F6EC4F8828E3135300AA9BA2 /* SDWebImageMapKit in Frameworks */,
				F63E66E228C8CED2000CC541 /* LeakedViewControllerDetector in Frameworks */,
			);
			runOnlyForDeploymentPostprocessing = 0;
		};
/* End PBXFrameworksBuildPhase section */

/* Begin PBXGroup section */
		F62E857128D1F28000248EC5 /* ContactCell */ = {
			isa = PBXGroup;
			children = (
				F62E857628D2069000248EC5 /* ContactCell.swift */,
				F62E857728D2069000248EC5 /* ContactCell.xib */,
			);
			path = ContactCell;
			sourceTree = "<group>";
		};
		F62E857A28D213B900248EC5 /* SettingsCell */ = {
			isa = PBXGroup;
			children = (
				F62E857B28D213DD00248EC5 /* SettingsCell.swift */,
				F62E857C28D213DD00248EC5 /* SettingsCell.xib */,
			);
			path = SettingsCell;
			sourceTree = "<group>";
		};
		F62E858528D3052A00248EC5 /* OtherAppsCell */ = {
			isa = PBXGroup;
			children = (
				F62E858628D305D500248EC5 /* OtherAppsCell.swift */,
				F62E858728D305D500248EC5 /* OtherAppsCell.xib */,
			);
			path = OtherAppsCell;
			sourceTree = "<group>";
		};
		F63E660628C7313B000CC541 = {
			isa = PBXGroup;
			children = (
				F63E661128C7313B000CC541 /* cs-zadatak2 */,
				F63E661028C7313B000CC541 /* Products */,
			);
			sourceTree = "<group>";
		};
		F63E661028C7313B000CC541 /* Products */ = {
			isa = PBXGroup;
			children = (
				F63E660F28C7313B000CC541 /* HRTvijesti.app */,
			);
			name = Products;
			sourceTree = "<group>";
		};
		F63E661128C7313B000CC541 /* cs-zadatak2 */ = {
			isa = PBXGroup;
			children = (
				F63E665128C88268000CC541 /* Application */,
				F6EC4F4928E196B400AA9BA2 /* Presentation */,
				F63E665628C882B1000CC541 /* Navigation */,
				F6EC4F4B28E19CE900AA9BA2 /* Domain */,
				F63E665328C8827F000CC541 /* Data */,
				F6EC4F7F28E2FAB300AA9BA2 /* Common */,
				F63E665228C88272000CC541 /* Assets */,
				F63E662328C7313B000CC541 /* Info.plist */,
				F63E662028C7313B000CC541 /* LaunchScreen.storyboard */,
			);
			path = "cs-zadatak2";
			sourceTree = "<group>";
		};
		F63E665128C88268000CC541 /* Application */ = {
			isa = PBXGroup;
			children = (
				F63E661228C7313B000CC541 /* AppDelegate.swift */,
			);
			path = Application;
			sourceTree = "<group>";
		};
		F63E665228C88272000CC541 /* Assets */ = {
			isa = PBXGroup;
			children = (
				F63E661E28C7313B000CC541 /* Assets.xcassets */,
			);
			path = Assets;
			sourceTree = "<group>";
		};
		F63E665328C8827F000CC541 /* Data */ = {
			isa = PBXGroup;
			children = (
				F63E672A28CB50F7000CC541 /* NewsStorage.swift */,
				F63E671E28CB44F3000CC541 /* XMLParser.swift */,
				F63E672028CB4501000CC541 /* CoreData */,
			);
			path = Data;
			sourceTree = "<group>";
		};
		F63E665628C882B1000CC541 /* Navigation */ = {
			isa = PBXGroup;
			children = (
				F63E665828C882C2000CC541 /* Routers */,
				F63E665728C882B8000CC541 /* Coordinators */,
				F63E665928C882D8000CC541 /* Protocols */,
				F63E665A28C882E4000CC541 /* Extensions */,
			);
			path = Navigation;
			sourceTree = "<group>";
		};
		F63E665728C882B8000CC541 /* Coordinators */ = {
			isa = PBXGroup;
			children = (
				F62E859328D49AE600248EC5 /* AppCoordinator.swift */,
				F63E66DE28C8C353000CC541 /* TabBarCoordinator.swift */,
				F63E666C28C884EA000CC541 /* HomeCoordinator.swift */,
				F62E856728D0778100248EC5 /* NewsWebViewCoordinator.swift */,
				F62E856928D0BE0F00248EC5 /* SettingsCoordinator.swift */,
				F62E858F28D4504100248EC5 /* OtherAppsCoordinator.swift */,
				F62E856B28D0BE1F00248EC5 /* ContactCoordinator.swift */,
				F62E856D28D0BE2C00248EC5 /* SearchCoordinator.swift */,
			);
			path = Coordinators;
			sourceTree = "<group>";
		};
		F63E665828C882C2000CC541 /* Routers */ = {
			isa = PBXGroup;
			children = (
				F63E666628C8848B000CC541 /* AppDelegateRouter.swift */,
				F62E859528D49D8700248EC5 /* TabBarRouter.swift */,
				F63E666828C8849C000CC541 /* NavigationRouter.swift */,
			);
			path = Routers;
			sourceTree = "<group>";
		};
		F63E665928C882D8000CC541 /* Protocols */ = {
			isa = PBXGroup;
			children = (
				F63E666228C88426000CC541 /* Coordinator.swift */,
				F63E666428C8842D000CC541 /* Router.swift */,
			);
			path = Protocols;
			sourceTree = "<group>";
		};
		F63E665A28C882E4000CC541 /* Extensions */ = {
			isa = PBXGroup;
			children = (
				F62E859B28DAFB4C00248EC5 /* Array.swift */,
				F63E665B28C882FA000CC541 /* UIViewController.swift */,
			);
			path = Extensions;
			sourceTree = "<group>";
		};
		F63E66DD28C8C325000CC541 /* Entities */ = {
			isa = PBXGroup;
			children = (
				F6EC4F8B28E3298500AA9BA2 /* SettingModel.swift */,
				F63E66E328C8CFA7000CC541 /* CategoryModel.swift */,
				F63E670C28CB1DF8000CC541 /* NewsModel.swift */,
			);
			path = Entities;
			sourceTree = "<group>";
		};
		F63E670E28CB1F73000CC541 /* CategoryCell */ = {
			isa = PBXGroup;
			children = (
				F63E66FC28CA14CB000CC541 /* CategoryCell.swift */,
				F63E66FD28CA14CB000CC541 /* CategoryCell.xib */,
			);
			path = CategoryCell;
			sourceTree = "<group>";
		};
		F63E670F28CB1F83000CC541 /* HomeCell */ = {
			isa = PBXGroup;
			children = (
				F6EC4F8928E3192E00AA9BA2 /* HomeCellViewModel.swift */,
				F63E671428CB2238000CC541 /* HomeCell.swift */,
				F63E671528CB2238000CC541 /* HomeCell.xib */,
			);
			path = HomeCell;
			sourceTree = "<group>";
		};
		F63E672028CB4501000CC541 /* CoreData */ = {
			isa = PBXGroup;
			children = (
				F62E855E28D0668800248EC5 /* News+CoreDataClass.swift */,
				F62E855F28D0668800248EC5 /* News+CoreDataProperties.swift */,
				F633C86528CF136A00B462BA /* News.xcdatamodeld */,
			);
			path = CoreData;
			sourceTree = "<group>";
		};
		F6EC4F4928E196B400AA9BA2 /* Presentation */ = {
			isa = PBXGroup;
			children = (
				F6EC4F4D28E1A65B00AA9BA2 /* TabBar */,
				F6EC4F4E28E1A66D00AA9BA2 /* Home */,
				F6EC4F4F28E1A67D00AA9BA2 /* News */,
				F6EC4F5028E1A68F00AA9BA2 /* Settings */,
				F6EC4F5128E1A69700AA9BA2 /* OtherApps */,
				F6EC4F5228E1A6A300AA9BA2 /* Contact */,
				F6EC4F5328E1A6AC00AA9BA2 /* Search */,
			);
			path = Presentation;
			sourceTree = "<group>";
		};
		F6EC4F4B28E19CE900AA9BA2 /* Domain */ = {
			isa = PBXGroup;
			children = (
				F63E66DD28C8C325000CC541 /* Entities */,
				F6EC4F6128E1C28700AA9BA2 /* UseCases */,
				F6EC4F6728E1C57200AA9BA2 /* Repository */,
			);
			path = Domain;
			sourceTree = "<group>";
		};
		F6EC4F4D28E1A65B00AA9BA2 /* TabBar */ = {
			isa = PBXGroup;
			children = (
				F6EC4F5428E1A6E500AA9BA2 /* View */,
			);
			path = TabBar;
			sourceTree = "<group>";
		};
		F6EC4F4E28E1A66D00AA9BA2 /* Home */ = {
			isa = PBXGroup;
			children = (
				F6EC4F5D28E1BC2F00AA9BA2 /* ViewModel */,
				F6EC4F5528E1A6F300AA9BA2 /* View */,
			);
			path = Home;
			sourceTree = "<group>";
		};
		F6EC4F4F28E1A67D00AA9BA2 /* News */ = {
			isa = PBXGroup;
			children = (
				F6EC4F6C28E1E03400AA9BA2 /* ViewModel */,
				F6EC4F5628E1A6FB00AA9BA2 /* View */,
			);
			path = News;
			sourceTree = "<group>";
		};
		F6EC4F5028E1A68F00AA9BA2 /* Settings */ = {
			isa = PBXGroup;
			children = (
				F6EC4F6F28E1E41800AA9BA2 /* ViewModel */,
				F6EC4F5728E1A70300AA9BA2 /* View */,
			);
			path = Settings;
			sourceTree = "<group>";
		};
		F6EC4F5128E1A69700AA9BA2 /* OtherApps */ = {
			isa = PBXGroup;
			children = (
				F6EC4F7828E1E71B00AA9BA2 /* ViewModel */,
				F6EC4F5828E1A70700AA9BA2 /* View */,
			);
			path = OtherApps;
			sourceTree = "<group>";
		};
		F6EC4F5228E1A6A300AA9BA2 /* Contact */ = {
			isa = PBXGroup;
			children = (
				F6EC4F7328E1E5B200AA9BA2 /* ViewModel */,
				F6EC4F5928E1A70E00AA9BA2 /* View */,
			);
			path = Contact;
			sourceTree = "<group>";
		};
		F6EC4F5328E1A6AC00AA9BA2 /* Search */ = {
			isa = PBXGroup;
			children = (
				F6EC4F7028E1E42600AA9BA2 /* ViewModel */,
				F6EC4F5A28E1A71300AA9BA2 /* View */,
			);
			path = Search;
			sourceTree = "<group>";
		};
		F6EC4F5428E1A6E500AA9BA2 /* View */ = {
			isa = PBXGroup;
			children = (
				F63E66DA28C8C2D2000CC541 /* TabBarController.swift */,
			);
			path = View;
			sourceTree = "<group>";
		};
		F6EC4F5528E1A6F300AA9BA2 /* View */ = {
			isa = PBXGroup;
			children = (
				F63E665D28C88359000CC541 /* HomeViewController.swift */,
				F63E665E28C88359000CC541 /* HomeViewController.xib */,
				F6EC4F8D28E42F9600AA9BA2 /* Collections */,
				F6EC4F5B28E1AF2200AA9BA2 /* Cells */,
			);
			path = View;
			sourceTree = "<group>";
		};
		F6EC4F5628E1A6FB00AA9BA2 /* View */ = {
			isa = PBXGroup;
			children = (
				F62E859728D8863E00248EC5 /* NewsWebViewController.swift */,
				F62E859828D8863E00248EC5 /* NewsWebViewController.xib */,
			);
			path = View;
			sourceTree = "<group>";
		};
		F6EC4F5728E1A70300AA9BA2 /* View */ = {
			isa = PBXGroup;
			children = (
				F63E66D428C8C295000CC541 /* SettingsViewController.swift */,
				F63E66D528C8C295000CC541 /* SettingsViewController.xib */,
				F62E857A28D213B900248EC5 /* SettingsCell */,
			);
			path = View;
			sourceTree = "<group>";
		};
		F6EC4F5828E1A70700AA9BA2 /* View */ = {
			isa = PBXGroup;
			children = (
				F62E858128D3044E00248EC5 /* OtherAppsViewController.swift */,
				F62E858228D3044E00248EC5 /* OtherAppsViewController.xib */,
				F62E858528D3052A00248EC5 /* OtherAppsCell */,
			);
			path = View;
			sourceTree = "<group>";
		};
		F6EC4F5928E1A70E00AA9BA2 /* View */ = {
			isa = PBXGroup;
			children = (
				F63E66CB28C8C25D000CC541 /* ContactViewController.swift */,
				F63E66CC28C8C25D000CC541 /* ContactViewController.xib */,
				F62E857128D1F28000248EC5 /* ContactCell */,
			);
			path = View;
			sourceTree = "<group>";
		};
		F6EC4F5A28E1A71300AA9BA2 /* View */ = {
			isa = PBXGroup;
			children = (
				F63E66D028C8C27F000CC541 /* SearchViewController.swift */,
				F63E66D128C8C27F000CC541 /* SearchViewController.xib */,
			);
			path = View;
			sourceTree = "<group>";
		};
		F6EC4F5B28E1AF2200AA9BA2 /* Cells */ = {
			isa = PBXGroup;
			children = (
				F63E670E28CB1F73000CC541 /* CategoryCell */,
				F63E670F28CB1F83000CC541 /* HomeCell */,
			);
			path = Cells;
			sourceTree = "<group>";
		};
		F6EC4F5D28E1BC2F00AA9BA2 /* ViewModel */ = {
			isa = PBXGroup;
			children = (
				F6EC4F5E28E1C0CF00AA9BA2 /* HomeViewModel.swift */,
			);
			path = ViewModel;
			sourceTree = "<group>";
		};
		F6EC4F6128E1C28700AA9BA2 /* UseCases */ = {
			isa = PBXGroup;
			children = (
				F6EC4F6528E1C4D900AA9BA2 /* ViewNewsUseCase.swift */,
			);
			path = UseCases;
			sourceTree = "<group>";
		};
		F6EC4F6728E1C57200AA9BA2 /* Repository */ = {
			isa = PBXGroup;
			children = (
				F6EC4F6828E1C5D800AA9BA2 /* NewsRepository.swift */,
			);
			path = Repository;
			sourceTree = "<group>";
		};
		F6EC4F6C28E1E03400AA9BA2 /* ViewModel */ = {
			isa = PBXGroup;
			children = (
				F6EC4F6D28E1E05B00AA9BA2 /* NewsViewModel.swift */,
			);
			path = ViewModel;
			sourceTree = "<group>";
		};
		F6EC4F6F28E1E41800AA9BA2 /* ViewModel */ = {
			isa = PBXGroup;
			children = (
				F6EC4F7628E1E66800AA9BA2 /* SettingsViewModel.swift */,
			);
			path = ViewModel;
			sourceTree = "<group>";
		};
		F6EC4F7028E1E42600AA9BA2 /* ViewModel */ = {
			isa = PBXGroup;
			children = (
				F6EC4F7128E1E43900AA9BA2 /* SearchViewModel.swift */,
			);
			path = ViewModel;
			sourceTree = "<group>";
		};
		F6EC4F7328E1E5B200AA9BA2 /* ViewModel */ = {
			isa = PBXGroup;
			children = (
				F6EC4F7428E1E5C500AA9BA2 /* ContactViewModel.swift */,
			);
			path = ViewModel;
			sourceTree = "<group>";
		};
		F6EC4F7828E1E71B00AA9BA2 /* ViewModel */ = {
			isa = PBXGroup;
			children = (
				F6EC4F7928E1E72B00AA9BA2 /* OtherAppsViewModel.swift */,
			);
			path = ViewModel;
			sourceTree = "<group>";
		};
		F6EC4F7F28E2FAB300AA9BA2 /* Common */ = {
			isa = PBXGroup;
			children = (
				F6EC4F8028E2FAEC00AA9BA2 /* Cancellable.swift */,
			);
			path = Common;
			sourceTree = "<group>";
		};
		F6EC4F8D28E42F9600AA9BA2 /* Collections */ = {
			isa = PBXGroup;
			children = (
				F6EC4F9228E43F5100AA9BA2 /* CategoriesCollectionView.swift */,
				F6EC4F9628E4803A00AA9BA2 /* HomeCollectionView.swift */,
			);
			path = Collections;
			sourceTree = "<group>";
		};
/* End PBXGroup section */

/* Begin PBXNativeTarget section */
		F63E660E28C7313B000CC541 /* cs-zadatak2 */ = {
			isa = PBXNativeTarget;
			buildConfigurationList = F63E662628C7313B000CC541 /* Build configuration list for PBXNativeTarget "cs-zadatak2" */;
			buildPhases = (
				F63E660B28C7313B000CC541 /* Sources */,
				F63E660C28C7313B000CC541 /* Frameworks */,
				F63E660D28C7313B000CC541 /* Resources */,
			);
			buildRules = (
			);
			dependencies = (
			);
			name = "cs-zadatak2";
			packageProductDependencies = (
				F63E66E128C8CED2000CC541 /* LeakedViewControllerDetector */,
				F6EC4F8528E3135300AA9BA2 /* SDWebImage */,
				F6EC4F8728E3135300AA9BA2 /* SDWebImageMapKit */,
			);
			productName = "cs-zadatak2";
			productReference = F63E660F28C7313B000CC541 /* HRTvijesti.app */;
			productType = "com.apple.product-type.application";
		};
/* End PBXNativeTarget section */

/* Begin PBXProject section */
		F63E660728C7313B000CC541 /* Project object */ = {
			isa = PBXProject;
			attributes = {
				BuildIndependentTargetsInParallel = 1;
				LastSwiftUpdateCheck = 1320;
				LastUpgradeCheck = 1320;
				TargetAttributes = {
					F63E660E28C7313B000CC541 = {
						CreatedOnToolsVersion = 13.2.1;
					};
				};
			};
			buildConfigurationList = F63E660A28C7313B000CC541 /* Build configuration list for PBXProject "cs-zadatak2" */;
			compatibilityVersion = "Xcode 13.0";
			developmentRegion = en;
			hasScannedForEncodings = 0;
			knownRegions = (
				en,
				Base,
			);
			mainGroup = F63E660628C7313B000CC541;
			packageReferences = (
				F63E66E028C8CED2000CC541 /* XCRemoteSwiftPackageReference "LeakedViewControllerDetector" */,
				F6EC4F8428E3135300AA9BA2 /* XCRemoteSwiftPackageReference "SDWebImage" */,
			);
			productRefGroup = F63E661028C7313B000CC541 /* Products */;
			projectDirPath = "";
			projectRoot = "";
			targets = (
				F63E660E28C7313B000CC541 /* cs-zadatak2 */,
			);
		};
/* End PBXProject section */

/* Begin PBXResourcesBuildPhase section */
		F63E660D28C7313B000CC541 /* Resources */ = {
			isa = PBXResourcesBuildPhase;
			buildActionMask = 2147483647;
			files = (
				F63E662228C7313B000CC541 /* LaunchScreen.storyboard in Resources */,
				F63E66FF28CA14CB000CC541 /* CategoryCell.xib in Resources */,
				F62E857E28D213DD00248EC5 /* SettingsCell.xib in Resources */,
				F63E66D728C8C295000CC541 /* SettingsViewController.xib in Resources */,
				F63E66CE28C8C25D000CC541 /* ContactViewController.xib in Resources */,
				F62E859A28D8863E00248EC5 /* NewsWebViewController.xib in Resources */,
				F62E858928D305D500248EC5 /* OtherAppsCell.xib in Resources */,
				F63E661F28C7313B000CC541 /* Assets.xcassets in Resources */,
				F63E66D328C8C27F000CC541 /* SearchViewController.xib in Resources */,
				F63E671728CB2238000CC541 /* HomeCell.xib in Resources */,
				F62E858428D3044E00248EC5 /* OtherAppsViewController.xib in Resources */,
				F62E857928D2069000248EC5 /* ContactCell.xib in Resources */,
				F63E666028C88359000CC541 /* HomeViewController.xib in Resources */,
			);
			runOnlyForDeploymentPostprocessing = 0;
		};
/* End PBXResourcesBuildPhase section */

/* Begin PBXSourcesBuildPhase section */
		F63E660B28C7313B000CC541 /* Sources */ = {
			isa = PBXSourcesBuildPhase;
			buildActionMask = 2147483647;
			files = (
				F63E66FE28CA14CB000CC541 /* CategoryCell.swift in Sources */,
				F63E666728C8848B000CC541 /* AppDelegateRouter.swift in Sources */,
				F63E671628CB2238000CC541 /* HomeCell.swift in Sources */,
				F63E661328C7313B000CC541 /* AppDelegate.swift in Sources */,
				F62E858828D305D500248EC5 /* OtherAppsCell.swift in Sources */,
				F62E856C28D0BE1F00248EC5 /* ContactCoordinator.swift in Sources */,
				F6EC4F7A28E1E72B00AA9BA2 /* OtherAppsViewModel.swift in Sources */,
				F63E671F28CB44F3000CC541 /* XMLParser.swift in Sources */,
				F62E856828D0778100248EC5 /* NewsWebViewCoordinator.swift in Sources */,
				F63E666928C8849C000CC541 /* NavigationRouter.swift in Sources */,
				F6EC4F7528E1E5C500AA9BA2 /* ContactViewModel.swift in Sources */,
				F62E858328D3044E00248EC5 /* OtherAppsViewController.swift in Sources */,
				F6EC4F8A28E3192E00AA9BA2 /* HomeCellViewModel.swift in Sources */,
				F6EC4F6E28E1E05B00AA9BA2 /* NewsViewModel.swift in Sources */,
				F63E666328C88426000CC541 /* Coordinator.swift in Sources */,
				F62E857828D2069000248EC5 /* ContactCell.swift in Sources */,
				F63E66D228C8C27F000CC541 /* SearchViewController.swift in Sources */,
				F63E66CD28C8C25D000CC541 /* ContactViewController.swift in Sources */,
				F6EC4F6928E1C5D800AA9BA2 /* NewsRepository.swift in Sources */,
				F6EC4F8128E2FAEC00AA9BA2 /* Cancellable.swift in Sources */,
				F62E857D28D213DD00248EC5 /* SettingsCell.swift in Sources */,
				F6EC4F9328E43F5100AA9BA2 /* CategoriesCollectionView.swift in Sources */,
				F62E859628D49D8700248EC5 /* TabBarRouter.swift in Sources */,
				F6EC4F8C28E3298500AA9BA2 /* SettingModel.swift in Sources */,
				F63E66DF28C8C353000CC541 /* TabBarCoordinator.swift in Sources */,
				F62E859C28DAFB4C00248EC5 /* Array.swift in Sources */,
				F633C86728CF136A00B462BA /* News.xcdatamodeld in Sources */,
				F6EC4F5F28E1C0CF00AA9BA2 /* HomeViewModel.swift in Sources */,
				F62E859928D8863E00248EC5 /* NewsWebViewController.swift in Sources */,
				F63E665C28C882FA000CC541 /* UIViewController.swift in Sources */,
				F62E856A28D0BE0F00248EC5 /* SettingsCoordinator.swift in Sources */,
				F63E666D28C884EA000CC541 /* HomeCoordinator.swift in Sources */,
				F6EC4F7228E1E43900AA9BA2 /* SearchViewModel.swift in Sources */,
				F62E856028D0668800248EC5 /* News+CoreDataClass.swift in Sources */,
				F63E670D28CB1DF8000CC541 /* NewsModel.swift in Sources */,
				F6EC4F9728E4803A00AA9BA2 /* HomeCollectionView.swift in Sources */,
				F62E856E28D0BE2C00248EC5 /* SearchCoordinator.swift in Sources */,
				F63E672B28CB50F7000CC541 /* NewsStorage.swift in Sources */,
				F62E859428D49AE600248EC5 /* AppCoordinator.swift in Sources */,
				F6EC4F6628E1C4D900AA9BA2 /* ViewNewsUseCase.swift in Sources */,
				F63E66D628C8C295000CC541 /* SettingsViewController.swift in Sources */,
				F63E66DB28C8C2D2000CC541 /* TabBarController.swift in Sources */,
				F63E66E428C8CFA7000CC541 /* CategoryModel.swift in Sources */,
				F63E666528C8842D000CC541 /* Router.swift in Sources */,
				F62E859028D4504100248EC5 /* OtherAppsCoordinator.swift in Sources */,
				F62E856128D0668800248EC5 /* News+CoreDataProperties.swift in Sources */,
				F63E665F28C88359000CC541 /* HomeViewController.swift in Sources */,
				F6EC4F7728E1E66800AA9BA2 /* SettingsViewModel.swift in Sources */,
			);
			runOnlyForDeploymentPostprocessing = 0;
		};
/* End PBXSourcesBuildPhase section */

/* Begin PBXVariantGroup section */
		F63E662028C7313B000CC541 /* LaunchScreen.storyboard */ = {
			isa = PBXVariantGroup;
			children = (
				F63E662128C7313B000CC541 /* Base */,
			);
			name = LaunchScreen.storyboard;
			sourceTree = "<group>";
		};
/* End PBXVariantGroup section */

/* Begin XCBuildConfiguration section */
		F63E662428C7313B000CC541 /* Debug */ = {
			isa = XCBuildConfiguration;
			buildSettings = {
				ALWAYS_SEARCH_USER_PATHS = NO;
				CLANG_ANALYZER_NONNULL = YES;
				CLANG_ANALYZER_NUMBER_OBJECT_CONVERSION = YES_AGGRESSIVE;
				CLANG_CXX_LANGUAGE_STANDARD = "gnu++17";
				CLANG_CXX_LIBRARY = "libc++";
				CLANG_ENABLE_MODULES = YES;
				CLANG_ENABLE_OBJC_ARC = YES;
				CLANG_ENABLE_OBJC_WEAK = YES;
				CLANG_WARN_BLOCK_CAPTURE_AUTORELEASING = YES;
				CLANG_WARN_BOOL_CONVERSION = YES;
				CLANG_WARN_COMMA = YES;
				CLANG_WARN_CONSTANT_CONVERSION = YES;
				CLANG_WARN_DEPRECATED_OBJC_IMPLEMENTATIONS = YES;
				CLANG_WARN_DIRECT_OBJC_ISA_USAGE = YES_ERROR;
				CLANG_WARN_DOCUMENTATION_COMMENTS = YES;
				CLANG_WARN_EMPTY_BODY = YES;
				CLANG_WARN_ENUM_CONVERSION = YES;
				CLANG_WARN_INFINITE_RECURSION = YES;
				CLANG_WARN_INT_CONVERSION = YES;
				CLANG_WARN_NON_LITERAL_NULL_CONVERSION = YES;
				CLANG_WARN_OBJC_IMPLICIT_RETAIN_SELF = YES;
				CLANG_WARN_OBJC_LITERAL_CONVERSION = YES;
				CLANG_WARN_OBJC_ROOT_CLASS = YES_ERROR;
				CLANG_WARN_QUOTED_INCLUDE_IN_FRAMEWORK_HEADER = YES;
				CLANG_WARN_RANGE_LOOP_ANALYSIS = YES;
				CLANG_WARN_STRICT_PROTOTYPES = YES;
				CLANG_WARN_SUSPICIOUS_MOVE = YES;
				CLANG_WARN_UNGUARDED_AVAILABILITY = YES_AGGRESSIVE;
				CLANG_WARN_UNREACHABLE_CODE = YES;
				CLANG_WARN__DUPLICATE_METHOD_MATCH = YES;
				COPY_PHASE_STRIP = NO;
				DEBUG_INFORMATION_FORMAT = dwarf;
				ENABLE_STRICT_OBJC_MSGSEND = YES;
				ENABLE_TESTABILITY = YES;
				GCC_C_LANGUAGE_STANDARD = gnu11;
				GCC_DYNAMIC_NO_PIC = NO;
				GCC_NO_COMMON_BLOCKS = YES;
				GCC_OPTIMIZATION_LEVEL = 0;
				GCC_PREPROCESSOR_DEFINITIONS = (
					"DEBUG=1",
					"$(inherited)",
				);
				GCC_WARN_64_TO_32_BIT_CONVERSION = YES;
				GCC_WARN_ABOUT_RETURN_TYPE = YES_ERROR;
				GCC_WARN_UNDECLARED_SELECTOR = YES;
				GCC_WARN_UNINITIALIZED_AUTOS = YES_AGGRESSIVE;
				GCC_WARN_UNUSED_FUNCTION = YES;
				GCC_WARN_UNUSED_VARIABLE = YES;
				IPHONEOS_DEPLOYMENT_TARGET = 15.2;
				MTL_ENABLE_DEBUG_INFO = INCLUDE_SOURCE;
				MTL_FAST_MATH = YES;
				ONLY_ACTIVE_ARCH = YES;
				PRODUCT_NAME = "";
				SDKROOT = iphoneos;
				SWIFT_ACTIVE_COMPILATION_CONDITIONS = DEBUG;
				SWIFT_OPTIMIZATION_LEVEL = "-Onone";
			};
			name = Debug;
		};
		F63E662528C7313B000CC541 /* Release */ = {
			isa = XCBuildConfiguration;
			buildSettings = {
				ALWAYS_SEARCH_USER_PATHS = NO;
				CLANG_ANALYZER_NONNULL = YES;
				CLANG_ANALYZER_NUMBER_OBJECT_CONVERSION = YES_AGGRESSIVE;
				CLANG_CXX_LANGUAGE_STANDARD = "gnu++17";
				CLANG_CXX_LIBRARY = "libc++";
				CLANG_ENABLE_MODULES = YES;
				CLANG_ENABLE_OBJC_ARC = YES;
				CLANG_ENABLE_OBJC_WEAK = YES;
				CLANG_WARN_BLOCK_CAPTURE_AUTORELEASING = YES;
				CLANG_WARN_BOOL_CONVERSION = YES;
				CLANG_WARN_COMMA = YES;
				CLANG_WARN_CONSTANT_CONVERSION = YES;
				CLANG_WARN_DEPRECATED_OBJC_IMPLEMENTATIONS = YES;
				CLANG_WARN_DIRECT_OBJC_ISA_USAGE = YES_ERROR;
				CLANG_WARN_DOCUMENTATION_COMMENTS = YES;
				CLANG_WARN_EMPTY_BODY = YES;
				CLANG_WARN_ENUM_CONVERSION = YES;
				CLANG_WARN_INFINITE_RECURSION = YES;
				CLANG_WARN_INT_CONVERSION = YES;
				CLANG_WARN_NON_LITERAL_NULL_CONVERSION = YES;
				CLANG_WARN_OBJC_IMPLICIT_RETAIN_SELF = YES;
				CLANG_WARN_OBJC_LITERAL_CONVERSION = YES;
				CLANG_WARN_OBJC_ROOT_CLASS = YES_ERROR;
				CLANG_WARN_QUOTED_INCLUDE_IN_FRAMEWORK_HEADER = YES;
				CLANG_WARN_RANGE_LOOP_ANALYSIS = YES;
				CLANG_WARN_STRICT_PROTOTYPES = YES;
				CLANG_WARN_SUSPICIOUS_MOVE = YES;
				CLANG_WARN_UNGUARDED_AVAILABILITY = YES_AGGRESSIVE;
				CLANG_WARN_UNREACHABLE_CODE = YES;
				CLANG_WARN__DUPLICATE_METHOD_MATCH = YES;
				COPY_PHASE_STRIP = NO;
				DEBUG_INFORMATION_FORMAT = "dwarf-with-dsym";
				ENABLE_NS_ASSERTIONS = NO;
				ENABLE_STRICT_OBJC_MSGSEND = YES;
				GCC_C_LANGUAGE_STANDARD = gnu11;
				GCC_NO_COMMON_BLOCKS = YES;
				GCC_WARN_64_TO_32_BIT_CONVERSION = YES;
				GCC_WARN_ABOUT_RETURN_TYPE = YES_ERROR;
				GCC_WARN_UNDECLARED_SELECTOR = YES;
				GCC_WARN_UNINITIALIZED_AUTOS = YES_AGGRESSIVE;
				GCC_WARN_UNUSED_FUNCTION = YES;
				GCC_WARN_UNUSED_VARIABLE = YES;
				IPHONEOS_DEPLOYMENT_TARGET = 15.2;
				MTL_ENABLE_DEBUG_INFO = NO;
				MTL_FAST_MATH = YES;
				PRODUCT_NAME = "";
				SDKROOT = iphoneos;
				SWIFT_COMPILATION_MODE = wholemodule;
				SWIFT_OPTIMIZATION_LEVEL = "-O";
				VALIDATE_PRODUCT = YES;
			};
			name = Release;
		};
		F63E662728C7313B000CC541 /* Debug */ = {
			isa = XCBuildConfiguration;
			buildSettings = {
				ASSETCATALOG_COMPILER_APPICON_NAME = AppIcon;
				ASSETCATALOG_COMPILER_GLOBAL_ACCENT_COLOR_NAME = AccentColor;
				ASSETCATALOG_COMPILER_INCLUDE_ALL_APPICON_ASSETS = NO;
				CODE_SIGN_STYLE = Automatic;
				CURRENT_PROJECT_VERSION = 1;
				GENERATE_INFOPLIST_FILE = YES;
				INFOPLIST_FILE = "cs-zadatak2/Info.plist";
				INFOPLIST_KEY_UIApplicationSupportsIndirectInputEvents = YES;
				INFOPLIST_KEY_UILaunchStoryboardName = LaunchScreen;
				INFOPLIST_KEY_UISupportedInterfaceOrientations_iPad = "UIInterfaceOrientationPortrait UIInterfaceOrientationPortraitUpsideDown UIInterfaceOrientationLandscapeLeft UIInterfaceOrientationLandscapeRight";
				INFOPLIST_KEY_UISupportedInterfaceOrientations_iPhone = "UIInterfaceOrientationPortrait UIInterfaceOrientationLandscapeLeft UIInterfaceOrientationLandscapeRight";
				LD_RUNPATH_SEARCH_PATHS = (
					"$(inherited)",
					"@executable_path/Frameworks",
				);
				MARKETING_VERSION = 1.0;
				PRODUCT_BUNDLE_IDENTIFIER = "hr.cs.cs-zadatak2";
				PRODUCT_NAME = HRTvijesti;
				SWIFT_EMIT_LOC_STRINGS = YES;
				SWIFT_VERSION = 5.0;
				TARGETED_DEVICE_FAMILY = "1,2";
			};
			name = Debug;
		};
		F63E662828C7313B000CC541 /* Release */ = {
			isa = XCBuildConfiguration;
			buildSettings = {
				ASSETCATALOG_COMPILER_APPICON_NAME = AppIcon;
				ASSETCATALOG_COMPILER_GLOBAL_ACCENT_COLOR_NAME = AccentColor;
				ASSETCATALOG_COMPILER_INCLUDE_ALL_APPICON_ASSETS = NO;
				CODE_SIGN_STYLE = Automatic;
				CURRENT_PROJECT_VERSION = 1;
				GENERATE_INFOPLIST_FILE = YES;
				INFOPLIST_FILE = "cs-zadatak2/Info.plist";
				INFOPLIST_KEY_UIApplicationSupportsIndirectInputEvents = YES;
				INFOPLIST_KEY_UILaunchStoryboardName = LaunchScreen;
				INFOPLIST_KEY_UISupportedInterfaceOrientations_iPad = "UIInterfaceOrientationPortrait UIInterfaceOrientationPortraitUpsideDown UIInterfaceOrientationLandscapeLeft UIInterfaceOrientationLandscapeRight";
				INFOPLIST_KEY_UISupportedInterfaceOrientations_iPhone = "UIInterfaceOrientationPortrait UIInterfaceOrientationLandscapeLeft UIInterfaceOrientationLandscapeRight";
				LD_RUNPATH_SEARCH_PATHS = (
					"$(inherited)",
					"@executable_path/Frameworks",
				);
				MARKETING_VERSION = 1.0;
				PRODUCT_BUNDLE_IDENTIFIER = "hr.cs.cs-zadatak2";
				PRODUCT_NAME = HRTvijesti;
				SWIFT_EMIT_LOC_STRINGS = YES;
				SWIFT_VERSION = 5.0;
				TARGETED_DEVICE_FAMILY = "1,2";
			};
			name = Release;
		};
/* End XCBuildConfiguration section */

/* Begin XCConfigurationList section */
		F63E660A28C7313B000CC541 /* Build configuration list for PBXProject "cs-zadatak2" */ = {
			isa = XCConfigurationList;
			buildConfigurations = (
				F63E662428C7313B000CC541 /* Debug */,
				F63E662528C7313B000CC541 /* Release */,
			);
			defaultConfigurationIsVisible = 0;
			defaultConfigurationName = Release;
		};
		F63E662628C7313B000CC541 /* Build configuration list for PBXNativeTarget "cs-zadatak2" */ = {
			isa = XCConfigurationList;
			buildConfigurations = (
				F63E662728C7313B000CC541 /* Debug */,
				F63E662828C7313B000CC541 /* Release */,
			);
			defaultConfigurationIsVisible = 0;
			defaultConfigurationName = Release;
		};
/* End XCConfigurationList section */

/* Begin XCRemoteSwiftPackageReference section */
		F63E66E028C8CED2000CC541 /* XCRemoteSwiftPackageReference "LeakedViewControllerDetector" */ = {
			isa = XCRemoteSwiftPackageReference;
			repositoryURL = "https://github.com/Janneman84/LeakedViewControllerDetector";
			requirement = {
				kind = upToNextMajorVersion;
				minimumVersion = 1.0.0;
			};
		};
		F6EC4F8428E3135300AA9BA2 /* XCRemoteSwiftPackageReference "SDWebImage" */ = {
			isa = XCRemoteSwiftPackageReference;
			repositoryURL = "https://github.com/SDWebImage/SDWebImage";
			requirement = {
				kind = upToNextMajorVersion;
				minimumVersion = 5.0.0;
			};
		};
/* End XCRemoteSwiftPackageReference section */

/* Begin XCSwiftPackageProductDependency section */
		F63E66E128C8CED2000CC541 /* LeakedViewControllerDetector */ = {
			isa = XCSwiftPackageProductDependency;
			package = F63E66E028C8CED2000CC541 /* XCRemoteSwiftPackageReference "LeakedViewControllerDetector" */;
			productName = LeakedViewControllerDetector;
		};
		F6EC4F8528E3135300AA9BA2 /* SDWebImage */ = {
			isa = XCSwiftPackageProductDependency;
			package = F6EC4F8428E3135300AA9BA2 /* XCRemoteSwiftPackageReference "SDWebImage" */;
			productName = SDWebImage;
		};
		F6EC4F8728E3135300AA9BA2 /* SDWebImageMapKit */ = {
			isa = XCSwiftPackageProductDependency;
			package = F6EC4F8428E3135300AA9BA2 /* XCRemoteSwiftPackageReference "SDWebImage" */;
			productName = SDWebImageMapKit;
		};
/* End XCSwiftPackageProductDependency section */

/* Begin XCVersionGroup section */
		F633C86528CF136A00B462BA /* News.xcdatamodeld */ = {
			isa = XCVersionGroup;
			children = (
				F633C86628CF136A00B462BA /* News.xcdatamodel */,
			);
			currentVersion = F633C86628CF136A00B462BA /* News.xcdatamodel */;
			path = News.xcdatamodeld;
			sourceTree = "<group>";
			versionGroupType = wrapper.xcdatamodel;
		};
/* End XCVersionGroup section */
	};
	rootObject = F63E660728C7313B000CC541 /* Project object */;
}
